
Microsoft Visual Studio Solution File, Format Version 12.00
# Visual Studio 14
VisualStudioVersion = 14.0.24720.0
MinimumVisualStudioVersion = 10.0.40219.1
Project("{2150E333-8FDC-42A3-9474-1A3956D46DE8}") = "MVVM Light", "MVVM Light", "{DDA7919A-D612-491D-BC35-920706F377D4}"
EndProject
Project("{FAE04EC0-301F-11D3-BF4B-00C04F79EFBC}") = "MVVMLight.Basic", "MVVM Light\MVVMLight.Basic\MVVMLight.Basic.csproj", "{D1951D0E-416E-4841-A62E-B9A4054DE7A4}"
EndProject
Project("{FAE04EC0-301F-11D3-BF4B-00C04F79EFBC}") = "MVVMLight.Advanced", "MVVM Light\MVVMLight.Advanced\MVVMLight.Advanced.csproj", "{7DAD87DC-20DB-4E90-AACB-8D5FE5C0EB64}"
EndProject
Project("{2150E333-8FDC-42A3-9474-1A3956D46DE8}") = "Caliburn Micro", "Caliburn Micro", "{9B2FD2A7-E3BB-4623-9EFD-244356C77F7E}"
EndProject
Project("{FAE04EC0-301F-11D3-BF4B-00C04F79EFBC}") = "CaliburnMicro.Basic", "Caliburn Micro\CaliburnMicro.Basic\CaliburnMicro.Basic.csproj", "{1B2476CA-6D9C-4FC7-899B-FCF72DDF936B}"
EndProject
Project("{FAE04EC0-301F-11D3-BF4B-00C04F79EFBC}") = "CaliburnMicro.Advanced", "Caliburn Micro\CaliburnMicro.Advanced\CaliburnMicro.Advanced.csproj", "{5C57ED5C-E878-4469-B0B2-9CA133810EC5}"
EndProject
Project("{FAE04EC0-301F-11D3-BF4B-00C04F79EFBC}") = "MVVMLight.Messages", "MVVM Light\MVVMLight.Messages\MVVMLight.Messages.csproj", "{30996E7A-9731-424A-8A9A-06810D83BE96}"
EndProject
Project("{FAE04EC0-301F-11D3-BF4B-00C04F79EFBC}") = "CaliburnMicro.Messages", "Caliburn Micro\CaliburnMicro.Messages\CaliburnMicro.Messages.csproj", "{BA368D6A-880B-478A-9061-A86BCFDFEF11}"
EndProject
Project("{FAE04EC0-301F-11D3-BF4B-00C04F79EFBC}") = "MVVMLight.Dispatcher", "MVVMLight.Dispatcher\MVVMLight.Dispatcher.csproj", "{35F3CFED-A2FC-4C59-995C-BCA450F5C1D1}"
EndProject
Global
	GlobalSection(SolutionConfigurationPlatforms) = preSolution
		Debug|ARM = Debug|ARM
		Debug|x64 = Debug|x64
		Debug|x86 = Debug|x86
		Release|ARM = Release|ARM
		Release|x64 = Release|x64
		Release|x86 = Release|x86
	EndGlobalSection
	GlobalSection(ProjectConfigurationPlatforms) = postSolution
		{D1951D0E-416E-4841-A62E-B9A4054DE7A4}.Debug|ARM.ActiveCfg = Debug|ARM
		{D1951D0E-416E-4841-A62E-B9A4054DE7A4}.Debug|ARM.Build.0 = Debug|ARM
		{D1951D0E-416E-4841-A62E-B9A4054DE7A4}.Debug|ARM.Deploy.0 = Debug|ARM
		{D1951D0E-416E-4841-A62E-B9A4054DE7A4}.Debug|x64.ActiveCfg = Debug|x64
		{D1951D0E-416E-4841-A62E-B9A4054DE7A4}.Debug|x64.Build.0 = Debug|x64
		{D1951D0E-416E-4841-A62E-B9A4054DE7A4}.Debug|x64.Deploy.0 = Debug|x64
		{D1951D0E-416E-4841-A62E-B9A4054DE7A4}.Debug|x86.ActiveCfg = Debug|x86
		{D1951D0E-416E-4841-A62E-B9A4054DE7A4}.Debug|x86.Build.0 = Debug|x86
		{D1951D0E-416E-4841-A62E-B9A4054DE7A4}.Debug|x86.Deploy.0 = Debug|x86
		{D1951D0E-416E-4841-A62E-B9A4054DE7A4}.Release|ARM.ActiveCfg = Release|ARM
		{D1951D0E-416E-4841-A62E-B9A4054DE7A4}.Release|ARM.Build.0 = Release|ARM
		{D1951D0E-416E-4841-A62E-B9A4054DE7A4}.Release|ARM.Deploy.0 = Release|ARM
		{D1951D0E-416E-4841-A62E-B9A4054DE7A4}.Release|x64.ActiveCfg = Release|x64
		{D1951D0E-416E-4841-A62E-B9A4054DE7A4}.Release|x64.Build.0 = Release|x64
		{D1951D0E-416E-4841-A62E-B9A4054DE7A4}.Release|x64.Deploy.0 = Release|x64
		{D1951D0E-416E-4841-A62E-B9A4054DE7A4}.Release|x86.ActiveCfg = Release|x86
		{D1951D0E-416E-4841-A62E-B9A4054DE7A4}.Release|x86.Build.0 = Release|x86
		{D1951D0E-416E-4841-A62E-B9A4054DE7A4}.Release|x86.Deploy.0 = Release|x86
		{7DAD87DC-20DB-4E90-AACB-8D5FE5C0EB64}.Debug|ARM.ActiveCfg = Debug|ARM
		{7DAD87DC-20DB-4E90-AACB-8D5FE5C0EB64}.Debug|ARM.Build.0 = Debug|ARM
		{7DAD87DC-20DB-4E90-AACB-8D5FE5C0EB64}.Debug|ARM.Deploy.0 = Debug|ARM
		{7DAD87DC-20DB-4E90-AACB-8D5FE5C0EB64}.Debug|x64.ActiveCfg = Debug|x64
		{7DAD87DC-20DB-4E90-AACB-8D5FE5C0EB64}.Debug|x64.Build.0 = Debug|x64
		{7DAD87DC-20DB-4E90-AACB-8D5FE5C0EB64}.Debug|x64.Deploy.0 = Debug|x64
		{7DAD87DC-20DB-4E90-AACB-8D5FE5C0EB64}.Debug|x86.ActiveCfg = Debug|x86
		{7DAD87DC-20DB-4E90-AACB-8D5FE5C0EB64}.Debug|x86.Build.0 = Debug|x86
		{7DAD87DC-20DB-4E90-AACB-8D5FE5C0EB64}.Debug|x86.Deploy.0 = Debug|x86
		{7DAD87DC-20DB-4E90-AACB-8D5FE5C0EB64}.Release|ARM.ActiveCfg = Release|ARM
		{7DAD87DC-20DB-4E90-AACB-8D5FE5C0EB64}.Release|ARM.Build.0 = Release|ARM
		{7DAD87DC-20DB-4E90-AACB-8D5FE5C0EB64}.Release|ARM.Deploy.0 = Release|ARM
		{7DAD87DC-20DB-4E90-AACB-8D5FE5C0EB64}.Release|x64.ActiveCfg = Release|x64
		{7DAD87DC-20DB-4E90-AACB-8D5FE5C0EB64}.Release|x64.Build.0 = Release|x64
		{7DAD87DC-20DB-4E90-AACB-8D5FE5C0EB64}.Release|x64.Deploy.0 = Release|x64
		{7DAD87DC-20DB-4E90-AACB-8D5FE5C0EB64}.Release|x86.ActiveCfg = Release|x86
		{7DAD87DC-20DB-4E90-AACB-8D5FE5C0EB64}.Release|x86.Build.0 = Release|x86
		{7DAD87DC-20DB-4E90-AACB-8D5FE5C0EB64}.Release|x86.Deploy.0 = Release|x86
		{1B2476CA-6D9C-4FC7-899B-FCF72DDF936B}.Debug|ARM.ActiveCfg = Debug|ARM
		{1B2476CA-6D9C-4FC7-899B-FCF72DDF936B}.Debug|ARM.Build.0 = Debug|ARM
		{1B2476CA-6D9C-4FC7-899B-FCF72DDF936B}.Debug|ARM.Deploy.0 = Debug|ARM
		{1B2476CA-6D9C-4FC7-899B-FCF72DDF936B}.Debug|x64.ActiveCfg = Debug|x64
		{1B2476CA-6D9C-4FC7-899B-FCF72DDF936B}.Debug|x64.Build.0 = Debug|x64
		{1B2476CA-6D9C-4FC7-899B-FCF72DDF936B}.Debug|x64.Deploy.0 = Debug|x64
		{1B2476CA-6D9C-4FC7-899B-FCF72DDF936B}.Debug|x86.ActiveCfg = Debug|x86
		{1B2476CA-6D9C-4FC7-899B-FCF72DDF936B}.Debug|x86.Build.0 = Debug|x86
		{1B2476CA-6D9C-4FC7-899B-FCF72DDF936B}.Debug|x86.Deploy.0 = Debug|x86
		{1B2476CA-6D9C-4FC7-899B-FCF72DDF936B}.Release|ARM.ActiveCfg = Release|ARM
		{1B2476CA-6D9C-4FC7-899B-FCF72DDF936B}.Release|ARM.Build.0 = Release|ARM
		{1B2476CA-6D9C-4FC7-899B-FCF72DDF936B}.Release|ARM.Deploy.0 = Release|ARM
		{1B2476CA-6D9C-4FC7-899B-FCF72DDF936B}.Release|x64.ActiveCfg = Release|x64
		{1B2476CA-6D9C-4FC7-899B-FCF72DDF936B}.Release|x64.Build.0 = Release|x64
		{1B2476CA-6D9C-4FC7-899B-FCF72DDF936B}.Release|x64.Deploy.0 = Release|x64
		{1B2476CA-6D9C-4FC7-899B-FCF72DDF936B}.Release|x86.ActiveCfg = Release|x86
		{1B2476CA-6D9C-4FC7-899B-FCF72DDF936B}.Release|x86.Build.0 = Release|x86
		{1B2476CA-6D9C-4FC7-899B-FCF72DDF936B}.Release|x86.Deploy.0 = Release|x86
		{5C57ED5C-E878-4469-B0B2-9CA133810EC5}.Debug|ARM.ActiveCfg = Debug|ARM
		{5C57ED5C-E878-4469-B0B2-9CA133810EC5}.Debug|ARM.Build.0 = Debug|ARM
		{5C57ED5C-E878-4469-B0B2-9CA133810EC5}.Debug|ARM.Deploy.0 = Debug|ARM
		{5C57ED5C-E878-4469-B0B2-9CA133810EC5}.Debug|x64.ActiveCfg = Debug|x64
		{5C57ED5C-E878-4469-B0B2-9CA133810EC5}.Debug|x64.Build.0 = Debug|x64
		{5C57ED5C-E878-4469-B0B2-9CA133810EC5}.Debug|x64.Deploy.0 = Debug|x64
		{5C57ED5C-E878-4469-B0B2-9CA133810EC5}.Debug|x86.ActiveCfg = Debug|x86
		{5C57ED5C-E878-4469-B0B2-9CA133810EC5}.Debug|x86.Build.0 = Debug|x86
		{5C57ED5C-E878-4469-B0B2-9CA133810EC5}.Debug|x86.Deploy.0 = Debug|x86
		{5C57ED5C-E878-4469-B0B2-9CA133810EC5}.Release|ARM.ActiveCfg = Release|ARM
		{5C57ED5C-E878-4469-B0B2-9CA133810EC5}.Release|ARM.Build.0 = Release|ARM
		{5C57ED5C-E878-4469-B0B2-9CA133810EC5}.Release|ARM.Deploy.0 = Release|ARM
		{5C57ED5C-E878-4469-B0B2-9CA133810EC5}.Release|x64.ActiveCfg = Release|x64
		{5C57ED5C-E878-4469-B0B2-9CA133810EC5}.Release|x64.Build.0 = Release|x64
		{5C57ED5C-E878-4469-B0B2-9CA133810EC5}.Release|x64.Deploy.0 = Release|x64
		{5C57ED5C-E878-4469-B0B2-9CA133810EC5}.Release|x86.ActiveCfg = Release|x86
		{5C57ED5C-E878-4469-B0B2-9CA133810EC5}.Release|x86.Build.0 = Release|x86
		{5C57ED5C-E878-4469-B0B2-9CA133810EC5}.Release|x86.Deploy.0 = Release|x86
		{30996E7A-9731-424A-8A9A-06810D83BE96}.Debug|ARM.ActiveCfg = Debug|ARM
		{30996E7A-9731-424A-8A9A-06810D83BE96}.Debug|ARM.Build.0 = Debug|ARM
		{30996E7A-9731-424A-8A9A-06810D83BE96}.Debug|ARM.Deploy.0 = Debug|ARM
		{30996E7A-9731-424A-8A9A-06810D83BE96}.Debug|x64.ActiveCfg = Debug|x64
		{30996E7A-9731-424A-8A9A-06810D83BE96}.Debug|x64.Build.0 = Debug|x64
		{30996E7A-9731-424A-8A9A-06810D83BE96}.Debug|x64.Deploy.0 = Debug|x64
		{30996E7A-9731-424A-8A9A-06810D83BE96}.Debug|x86.ActiveCfg = Debug|x86
		{30996E7A-9731-424A-8A9A-06810D83BE96}.Debug|x86.Build.0 = Debug|x86
		{30996E7A-9731-424A-8A9A-06810D83BE96}.Debug|x86.Deploy.0 = Debug|x86
		{30996E7A-9731-424A-8A9A-06810D83BE96}.Release|ARM.ActiveCfg = Release|ARM
		{30996E7A-9731-424A-8A9A-06810D83BE96}.Release|ARM.Build.0 = Release|ARM
		{30996E7A-9731-424A-8A9A-06810D83BE96}.Release|ARM.Deploy.0 = Release|ARM
		{30996E7A-9731-424A-8A9A-06810D83BE96}.Release|x64.ActiveCfg = Release|x64
		{30996E7A-9731-424A-8A9A-06810D83BE96}.Release|x64.Build.0 = Release|x64
		{30996E7A-9731-424A-8A9A-06810D83BE96}.Release|x64.Deploy.0 = Release|x64
		{30996E7A-9731-424A-8A9A-06810D83BE96}.Release|x86.ActiveCfg = Release|x86
		{30996E7A-9731-424A-8A9A-06810D83BE96}.Release|x86.Build.0 = Release|x86
		{30996E7A-9731-424A-8A9A-06810D83BE96}.Release|x86.Deploy.0 = Release|x86
		{BA368D6A-880B-478A-9061-A86BCFDFEF11}.Debug|ARM.ActiveCfg = Debug|ARM
		{BA368D6A-880B-478A-9061-A86BCFDFEF11}.Debug|ARM.Build.0 = Debug|ARM
		{BA368D6A-880B-478A-9061-A86BCFDFEF11}.Debug|ARM.Deploy.0 = Debug|ARM
		{BA368D6A-880B-478A-9061-A86BCFDFEF11}.Debug|x64.ActiveCfg = Debug|x64
		{BA368D6A-880B-478A-9061-A86BCFDFEF11}.Debug|x64.Build.0 = Debug|x64
		{BA368D6A-880B-478A-9061-A86BCFDFEF11}.Debug|x64.Deploy.0 = Debug|x64
		{BA368D6A-880B-478A-9061-A86BCFDFEF11}.Debug|x86.ActiveCfg = Debug|x86
		{BA368D6A-880B-478A-9061-A86BCFDFEF11}.Debug|x86.Build.0 = Debug|x86
		{BA368D6A-880B-478A-9061-A86BCFDFEF11}.Debug|x86.Deploy.0 = Debug|x86
		{BA368D6A-880B-478A-9061-A86BCFDFEF11}.Release|ARM.ActiveCfg = Release|ARM
		{BA368D6A-880B-478A-9061-A86BCFDFEF11}.Release|ARM.Build.0 = Release|ARM
		{BA368D6A-880B-478A-9061-A86BCFDFEF11}.Release|ARM.Deploy.0 = Release|ARM
		{BA368D6A-880B-478A-9061-A86BCFDFEF11}.Release|x64.ActiveCfg = Release|x64
		{BA368D6A-880B-478A-9061-A86BCFDFEF11}.Release|x64.Build.0 = Release|x64
		{BA368D6A-880B-478A-9061-A86BCFDFEF11}.Release|x64.Deploy.0 = Release|x64
		{BA368D6A-880B-478A-9061-A86BCFDFEF11}.Release|x86.ActiveCfg = Release|x86
		{BA368D6A-880B-478A-9061-A86BCFDFEF11}.Release|x86.Build.0 = Release|x86
		{BA368D6A-880B-478A-9061-A86BCFDFEF11}.Release|x86.Deploy.0 = Release|x86
		{35F3CFED-A2FC-4C59-995C-BCA450F5C1D1}.Debug|ARM.ActiveCfg = Debug|ARM
		{35F3CFED-A2FC-4C59-995C-BCA450F5C1D1}.Debug|ARM.Build.0 = Debug|ARM
		{35F3CFED-A2FC-4C59-995C-BCA450F5C1D1}.Debug|ARM.Deploy.0 = Debug|ARM
		{35F3CFED-A2FC-4C59-995C-BCA450F5C1D1}.Debug|x64.ActiveCfg = Debug|x64
		{35F3CFED-A2FC-4C59-995C-BCA450F5C1D1}.Debug|x64.Build.0 = Debug|x64
		{35F3CFED-A2FC-4C59-995C-BCA450F5C1D1}.Debug|x64.Deploy.0 = Debug|x64
		{35F3CFED-A2FC-4C59-995C-BCA450F5C1D1}.Debug|x86.ActiveCfg = Debug|x86
		{35F3CFED-A2FC-4C59-995C-BCA450F5C1D1}.Debug|x86.Build.0 = Debug|x86
		{35F3CFED-A2FC-4C59-995C-BCA450F5C1D1}.Debug|x86.Deploy.0 = Debug|x86
		{35F3CFED-A2FC-4C59-995C-BCA450F5C1D1}.Release|ARM.ActiveCfg = Release|ARM
		{35F3CFED-A2FC-4C59-995C-BCA450F5C1D1}.Release|ARM.Build.0 = Release|ARM
		{35F3CFED-A2FC-4C59-995C-BCA450F5C1D1}.Release|ARM.Deploy.0 = Release|ARM
		{35F3CFED-A2FC-4C59-995C-BCA450F5C1D1}.Release|x64.ActiveCfg = Release|x64
		{35F3CFED-A2FC-4C59-995C-BCA450F5C1D1}.Release|x64.Build.0 = Release|x64
		{35F3CFED-A2FC-4C59-995C-BCA450F5C1D1}.Release|x64.Deploy.0 = Release|x64
		{35F3CFED-A2FC-4C59-995C-BCA450F5C1D1}.Release|x86.ActiveCfg = Release|x86
		{35F3CFED-A2FC-4C59-995C-BCA450F5C1D1}.Release|x86.Build.0 = Release|x86
		{35F3CFED-A2FC-4C59-995C-BCA450F5C1D1}.Release|x86.Deploy.0 = Release|x86
	EndGlobalSection
	GlobalSection(SolutionProperties) = preSolution
		HideSolutionNode = FALSE
	EndGlobalSection
	GlobalSection(NestedProjects) = preSolution
		{D1951D0E-416E-4841-A62E-B9A4054DE7A4} = {DDA7919A-D612-491D-BC35-920706F377D4}
		{7DAD87DC-20DB-4E90-AACB-8D5FE5C0EB64} = {DDA7919A-D612-491D-BC35-920706F377D4}
		{1B2476CA-6D9C-4FC7-899B-FCF72DDF936B} = {9B2FD2A7-E3BB-4623-9EFD-244356C77F7E}
		{5C57ED5C-E878-4469-B0B2-9CA133810EC5} = {9B2FD2A7-E3BB-4623-9EFD-244356C77F7E}
		{30996E7A-9731-424A-8A9A-06810D83BE96} = {DDA7919A-D612-491D-BC35-920706F377D4}
		{BA368D6A-880B-478A-9061-A86BCFDFEF11} = {9B2FD2A7-E3BB-4623-9EFD-244356C77F7E}
		{35F3CFED-A2FC-4C59-995C-BCA450F5C1D1} = {DDA7919A-D612-491D-BC35-920706F377D4}
	EndGlobalSection
EndGlobal
